
Microsoft Visual Studio Solution File, Format Version 12.00
# Visual Studio Version 16
VisualStudioVersion = 16.0.30320.27
MinimumVisualStudioVersion = 10.0.40219.1
Project("{FAE04EC0-301F-11D3-BF4B-00C04F79EFBC}") = "Store", "WebApplication1\Store.csproj", "{F8DF3DCB-CD65-4B6E-BEAB-242961ED021C}"
EndProject
Project("{FAE04EC0-301F-11D3-BF4B-00C04F79EFBC}") = "Store.Domain", "Store.Domain\Store.Domain.csproj", "{F1568ABF-9EE5-4840-A93D-A1D8B6D4C1EA}"
EndProject
Project("{FAE04EC0-301F-11D3-BF4B-00C04F79EFBC}") = "Store.Data", "Store.Data\Store.Data.csproj", "{F42BD41B-892C-4FD3-B8DA-F3A974A58657}"
EndProject
Project("{FAE04EC0-301F-11D3-BF4B-00C04F79EFBC}") = "Store.Teste", "Store.Teste\Store.Teste.csproj", "{4A78D190-0E8C-42AD-BD4D-2E51636BC210}"
EndProject
Global
	GlobalSection(SolutionConfigurationPlatforms) = preSolution
		Debug|Any CPU = Debug|Any CPU
		Release|Any CPU = Release|Any CPU
	EndGlobalSection
	GlobalSection(ProjectConfigurationPlatforms) = postSolution
		{F8DF3DCB-CD65-4B6E-BEAB-242961ED021C}.Debug|Any CPU.ActiveCfg = Debug|Any CPU
		{F8DF3DCB-CD65-4B6E-BEAB-242961ED021C}.Debug|Any CPU.Build.0 = Debug|Any CPU
		{F8DF3DCB-CD65-4B6E-BEAB-242961ED021C}.Release|Any CPU.ActiveCfg = Release|Any CPU
		{F8DF3DCB-CD65-4B6E-BEAB-242961ED021C}.Release|Any CPU.Build.0 = Release|Any CPU
		{F1568ABF-9EE5-4840-A93D-A1D8B6D4C1EA}.Debug|Any CPU.ActiveCfg = Debug|Any CPU
		{F1568ABF-9EE5-4840-A93D-A1D8B6D4C1EA}.Debug|Any CPU.Build.0 = Debug|Any CPU
		{F1568ABF-9EE5-4840-A93D-A1D8B6D4C1EA}.Release|Any CPU.ActiveCfg = Release|Any CPU
		{F1568ABF-9EE5-4840-A93D-A1D8B6D4C1EA}.Release|Any CPU.Build.0 = Release|Any CPU
		{F42BD41B-892C-4FD3-B8DA-F3A974A58657}.Debug|Any CPU.ActiveCfg = Debug|Any CPU
		{F42BD41B-892C-4FD3-B8DA-F3A974A58657}.Debug|Any CPU.Build.0 = Debug|Any CPU
		{F42BD41B-892C-4FD3-B8DA-F3A974A58657}.Release|Any CPU.ActiveCfg = Release|Any CPU
		{F42BD41B-892C-4FD3-B8DA-F3A974A58657}.Release|Any CPU.Build.0 = Release|Any CPU
		{4A78D190-0E8C-42AD-BD4D-2E51636BC210}.Debug|Any CPU.ActiveCfg = Debug|Any CPU
		{4A78D190-0E8C-42AD-BD4D-2E51636BC210}.Debug|Any CPU.Build.0 = Debug|Any CPU
		{4A78D190-0E8C-42AD-BD4D-2E51636BC210}.Release|Any CPU.ActiveCfg = Release|Any CPU
		{4A78D190-0E8C-42AD-BD4D-2E51636BC210}.Release|Any CPU.Build.0 = Release|Any CPU
	EndGlobalSection
	GlobalSection(SolutionProperties) = preSolution
		HideSolutionNode = FALSE
	EndGlobalSection
	GlobalSection(ExtensibilityGlobals) = postSolution
		SolutionGuid = {E419BDFA-E0C3-463F-9281-EAE85A87B053}
	EndGlobalSection
EndGlobal
